{
  "nodes": {
    "nixpkgs": {
      "locked": {
        "lastModified": 1777514375,
        "narHash": "sha256-Nmpn/HC4rSjvpyaxgHHnRoDcCX+eBVVlPPKeVXfzKLQ=",
        "owner": "NixOS",
        "repo": "nixpkgs",
        "rev": "2d0720da19a2a0d330059aeb82183c8f71e9050b",
        "type": "github"
      },
      "original": {
        "owner": "nixos",
        "ref": "nixos-unstable",
        "repo": "nixpkgs",
        "type": "github"
      }
    },
    "root": {
      "inputs": {
        "nixpkgs": "nixpkgs",
        "zen-browser": "zen-browser"
      }
    },
    "zen-browser": {
      "inputs": {
        "nixpkgs": [
          "nixpkgs"
        ]
      },
      "locked": {
        "lastModified": 1777612697,
        "narHash": "sha256-h+tXBNMDrsKbD1UnYw0IeSIT4RalHtIJ1GLOviib7/8=",
        "owner": "youwen5",
        "repo": "zen-browser-flake",
        "rev": "f9f70d14f9a57c7962c5cfe589461c1391044448",
        "type": "github"
      },
      "original": {
        "owner": "youwen5",
        "repo": "zen-browser-flake",
        "type": "github"
      }
    }
  },
  "root": "root",
  "version": 7
}
