{
  "nodes": {
    "nixpkgs": {
      "locked": {
        "lastModified": 1777514375,
        "narHash": "sha256-Nmpn/HC4rSjvpyaxgHHnRoDcCX+eBVVlPPKeVXfzKLQ=",
        "owner": "NixOS",
        "repo": "nixpkgs",
        "rev": "2d0720da19a2a0d330059aeb82183c8f71e9050b",
        "type": "github"
      },
      "original": {
        "owner": "nixos",
        "ref": "nixos-unstable",
        "repo": "nixpkgs",
        "type": "github"
      }
    },
    "root": {
      "inputs": {
        "nixpkgs": "nixpkgs"
      }
    }
  },
  "root": "root",
  "version": 7
}
